
Microsoft Visual Studio Solution File, Format Version 12.00
# Visual Studio Version 17
VisualStudioVersion = 17.11.35431.28
MinimumVisualStudioVersion = 10.0.40219.1
Project("{FAE04EC0-301F-11D3-BF4B-00C04F79EFBC}") = "Desafio_Bom-Presidente", "Desafio_Bom-Presidente\Desafio_Bom-Presidente.csproj", "{7A6EBD4E-DB41-4A71-AEF7-0C496CB83FBD}"
EndProject
Global
	GlobalSection(SolutionConfigurationPlatforms) = preSolution
		Debug|Any CPU = Debug|Any CPU
		Release|Any CPU = Release|Any CPU
	EndGlobalSection
	GlobalSection(ProjectConfigurationPlatforms) = postSolution
		{7A6EBD4E-DB41-4A71-AEF7-0C496CB83FBD}.Debug|Any CPU.ActiveCfg = Debug|Any CPU
		{7A6EBD4E-DB41-4A71-AEF7-0C496CB83FBD}.Debug|Any CPU.Build.0 = Debug|Any CPU
		{7A6EBD4E-DB41-4A71-AEF7-0C496CB83FBD}.Release|Any CPU.ActiveCfg = Release|Any CPU
		{7A6EBD4E-DB41-4A71-AEF7-0C496CB83FBD}.Release|Any CPU.Build.0 = Release|Any CPU
	EndGlobalSection
	GlobalSection(SolutionProperties) = preSolution
		HideSolutionNode = FALSE
	EndGlobalSection
	GlobalSection(ExtensibilityGlobals) = postSolution
		SolutionGuid = {5C3457FB-CA5D-4316-A3E2-C1823E48BD7D}
	EndGlobalSection
EndGlobal
