
Microsoft Visual Studio Solution File, Format Version 12.00
# Visual Studio Version 17
VisualStudioVersion = 17.11.35431.28
MinimumVisualStudioVersion = 10.0.40219.1
Project("{FAE04EC0-301F-11D3-BF4B-00C04F79EFBC}") = "TP-Grafos", "TP-Grafos\TP-Grafos.csproj", "{5CD9F0C9-A15C-4DD6-AB9F-4FA0C231FBBA}"
EndProject
Global
	GlobalSection(SolutionConfigurationPlatforms) = preSolution
		Debug|Any CPU = Debug|Any CPU
		Release|Any CPU = Release|Any CPU
	EndGlobalSection
	GlobalSection(ProjectConfigurationPlatforms) = postSolution
		{5CD9F0C9-A15C-4DD6-AB9F-4FA0C231FBBA}.Debug|Any CPU.ActiveCfg = Debug|Any CPU
		{5CD9F0C9-A15C-4DD6-AB9F-4FA0C231FBBA}.Debug|Any CPU.Build.0 = Debug|Any CPU
		{5CD9F0C9-A15C-4DD6-AB9F-4FA0C231FBBA}.Release|Any CPU.ActiveCfg = Release|Any CPU
		{5CD9F0C9-A15C-4DD6-AB9F-4FA0C231FBBA}.Release|Any CPU.Build.0 = Release|Any CPU
	EndGlobalSection
	GlobalSection(SolutionProperties) = preSolution
		HideSolutionNode = FALSE
	EndGlobalSection
	GlobalSection(ExtensibilityGlobals) = postSolution
		SolutionGuid = {7A7F1EF7-0A76-4AB7-A7C7-D002C8FF1F90}
	EndGlobalSection
EndGlobal
